Microsoft Visual Studio Solution File, Format Version 12.00
# Visual Studio 14
VisualStudioVersion = 14.0.25123.0
MinimumVisualStudioVersion = 10.0.40219.1
Project("{FAE04EC0-301F-11D3-BF4B-00C04F79EFBC}") = "Legion", "Legion\Legion.csproj", "{CCB29155-CE7F-4774-8A57-87308E3A0962}"
EndProject
Project("{FAE04EC0-301F-11D3-BF4B-00C04F79EFBC}") = "LegionTest", "LegionTest\LegionTest.csproj", "{4488BBA9-B4B6-462C-8CD5-6290DDE61B7E}"
EndProject
Project("{FAE04EC0-301F-11D3-BF4B-00C04F79EFBC}") = "Runner", "Runner\Runner.csproj", "{04C8CC06-BC61-4B13-B65B-DAB4774E53D9}"
EndProject
Global
	GlobalSection(SolutionConfigurationPlatforms) = preSolution
		Debug|Any CPU = Debug|Any CPU
		Release|Any CPU = Release|Any CPU
	EndGlobalSection
	GlobalSection(ProjectConfigurationPlatforms) = postSolution
		{CCB29155-CE7F-4774-8A57-87308E3A0962}.Debug|Any CPU.ActiveCfg = Debug|Any CPU
		{CCB29155-CE7F-4774-8A57-87308E3A0962}.Debug|Any CPU.Build.0 = Debug|Any CPU
		{CCB29155-CE7F-4774-8A57-87308E3A0962}.Release|Any CPU.ActiveCfg = Release|Any CPU
		{CCB29155-CE7F-4774-8A57-87308E3A0962}.Release|Any CPU.Build.0 = Release|Any CPU
		{4488BBA9-B4B6-462C-8CD5-6290DDE61B7E}.Debug|Any CPU.ActiveCfg = Debug|Any CPU
		{4488BBA9-B4B6-462C-8CD5-6290DDE61B7E}.Debug|Any CPU.Build.0 = Debug|Any CPU
		{4488BBA9-B4B6-462C-8CD5-6290DDE61B7E}.Release|Any CPU.ActiveCfg = Release|Any CPU
		{4488BBA9-B4B6-462C-8CD5-6290DDE61B7E}.Release|Any CPU.Build.0 = Release|Any CPU
		{04C8CC06-BC61-4B13-B65B-DAB4774E53D9}.Debug|Any CPU.ActiveCfg = Debug|Any CPU
		{04C8CC06-BC61-4B13-B65B-DAB4774E53D9}.Debug|Any CPU.Build.0 = Debug|Any CPU
		{04C8CC06-BC61-4B13-B65B-DAB4774E53D9}.Release|Any CPU.ActiveCfg = Release|Any CPU
		{04C8CC06-BC61-4B13-B65B-DAB4774E53D9}.Release|Any CPU.Build.0 = Release|Any CPU
	EndGlobalSection
	GlobalSection(SolutionProperties) = preSolution
		HideSolutionNode = FALSE
	EndGlobalSection
EndGlobal
